
Microsoft Visual Studio Solution File, Format Version 12.00
# Visual Studio Version 17
VisualStudioVersion = 17.13.35828.75 d17.13
MinimumVisualStudioVersion = 10.0.40219.1
Project("{FAE04EC0-301F-11D3-BF4B-00C04F79EFBC}") = "RateLimiter", "RateLimiter\RateLimiter.csproj", "{CC33CE08-C6FA-44E2-8C22-C55DB9A3576A}"
EndProject
Global
	GlobalSection(SolutionConfigurationPlatforms) = preSolution
		Debug|Any CPU = Debug|Any CPU
		Release|Any CPU = Release|Any CPU
	EndGlobalSection
	GlobalSection(ProjectConfigurationPlatforms) = postSolution
		{CC33CE08-C6FA-44E2-8C22-C55DB9A3576A}.Debug|Any CPU.ActiveCfg = Debug|Any CPU
		{CC33CE08-C6FA-44E2-8C22-C55DB9A3576A}.Debug|Any CPU.Build.0 = Debug|Any CPU
		{CC33CE08-C6FA-44E2-8C22-C55DB9A3576A}.Release|Any CPU.ActiveCfg = Release|Any CPU
		{CC33CE08-C6FA-44E2-8C22-C55DB9A3576A}.Release|Any CPU.Build.0 = Release|Any CPU
	EndGlobalSection
	GlobalSection(SolutionProperties) = preSolution
		HideSolutionNode = FALSE
	EndGlobalSection
	GlobalSection(ExtensibilityGlobals) = postSolution
		SolutionGuid = {5F4C3776-47DF-4B8E-8809-402388563F89}
	EndGlobalSection
EndGlobal
